
Microsoft Visual Studio Solution File, Format Version 12.00
# Visual Studio 15
VisualStudioVersion = 15.0.28307.271
MinimumVisualStudioVersion = 10.0.40219.1
Project("{FAE04EC0-301F-11D3-BF4B-00C04F79EFBC}") = "SPMEDGROUP_MANHA", "SPMEDGROUP_MANHA\SPMEDGROUP_MANHA.csproj", "{2BA5B0A1-8ACD-404D-85BD-88D2567D7C28}"
EndProject
Global
	GlobalSection(SolutionConfigurationPlatforms) = preSolution
		Debug|Any CPU = Debug|Any CPU
		Release|Any CPU = Release|Any CPU
	EndGlobalSection
	GlobalSection(ProjectConfigurationPlatforms) = postSolution
		{2BA5B0A1-8ACD-404D-85BD-88D2567D7C28}.Debug|Any CPU.ActiveCfg = Debug|Any CPU
		{2BA5B0A1-8ACD-404D-85BD-88D2567D7C28}.Debug|Any CPU.Build.0 = Debug|Any CPU
		{2BA5B0A1-8ACD-404D-85BD-88D2567D7C28}.Release|Any CPU.ActiveCfg = Release|Any CPU
		{2BA5B0A1-8ACD-404D-85BD-88D2567D7C28}.Release|Any CPU.Build.0 = Release|Any CPU
	EndGlobalSection
	GlobalSection(SolutionProperties) = preSolution
		HideSolutionNode = FALSE
	EndGlobalSection
	GlobalSection(ExtensibilityGlobals) = postSolution
		SolutionGuid = {319107E2-9B6E-4FEC-A475-3A5DF72B31DE}
	EndGlobalSection
EndGlobal
